// !$*UTF8*$!
{
	archiveVersion = 1;
	classes = {
	};
	objectVersion = 50;
	objects = {

/* Begin PBXBuildFile section */
		97065FF82624677F005EFCD8 /* ExtensionUIImageView.swift in Sources */ = {isa = PBXBuildFile; fileRef = 97065FF72624677F005EFCD8 /* ExtensionUIImageView.swift */; };
		97065FFD2624879D005EFCD8 /* newyork.jpeg in Resources */ = {isa = PBXBuildFile; fileRef = 97065FFC2624879C005EFCD8 /* newyork.jpeg */; };
		972CBD03262098A5001A04BF /* AppDelegate.swift in Sources */ = {isa = PBXBuildFile; fileRef = 972CBD02262098A5001A04BF /* AppDelegate.swift */; };
		972CBD05262098A5001A04BF /* SceneDelegate.swift in Sources */ = {isa = PBXBuildFile; fileRef = 972CBD04262098A5001A04BF /* SceneDelegate.swift */; };
		972CBD07262098A5001A04BF /* WeatherViewController.swift in Sources */ = {isa = PBXBuildFile; fileRef = 972CBD06262098A5001A04BF /* WeatherViewController.swift */; };
		972CBD0A262098A5001A04BF /* Main.storyboard in Resources */ = {isa = PBXBuildFile; fileRef = 972CBD08262098A5001A04BF /* Main.storyboard */; };
		972CBD0C262098AD001A04BF /* Assets.xcassets in Resources */ = {isa = PBXBuildFile; fileRef = 972CBD0B262098AD001A04BF /* Assets.xcassets */; };
		972CBD0F262098AD001A04BF /* LaunchScreen.storyboard in Resources */ = {isa = PBXBuildFile; fileRef = 972CBD0D262098AD001A04BF /* LaunchScreen.storyboard */; };
		972CBD1A262098AE001A04BF /* LeBaluchonTests.swift in Sources */ = {isa = PBXBuildFile; fileRef = 972CBD19262098AE001A04BF /* LeBaluchonTests.swift */; };
		972CBD25262098AE001A04BF /* LeBaluchonUITests.swift in Sources */ = {isa = PBXBuildFile; fileRef = 972CBD24262098AE001A04BF /* LeBaluchonUITests.swift */; };
		972CBD482620A142001A04BF /* MainWeatherInfo.swift in Sources */ = {isa = PBXBuildFile; fileRef = 972CBD472620A142001A04BF /* MainWeatherInfo.swift */; };
		972CBD502620A183001A04BF /* WeatherService.swift in Sources */ = {isa = PBXBuildFile; fileRef = 972CBD4F2620A183001A04BF /* WeatherService.swift */; };
		9730B8AB262ED41900C6EDC6 /* ExtensionStringForDecimalPad.swift in Sources */ = {isa = PBXBuildFile; fileRef = 9730B8AA262ED41900C6EDC6 /* ExtensionStringForDecimalPad.swift */; };
		9748C8B92625AEBA00EB9AD8 /* CurrencyService.swift in Sources */ = {isa = PBXBuildFile; fileRef = 9748C8B82625AEBA00EB9AD8 /* CurrencyService.swift */; };
		9748C8C12625B1C300EB9AD8 /* MainCurrencyInfo.swift in Sources */ = {isa = PBXBuildFile; fileRef = 9748C8C02625B1C300EB9AD8 /* MainCurrencyInfo.swift */; };
		9748C8C62625C06500EB9AD8 /* CurrencyViewController.swift in Sources */ = {isa = PBXBuildFile; fileRef = 9748C8C52625C06500EB9AD8 /* CurrencyViewController.swift */; };
		976DB8B4262845BE004B662A /* ExtensionUITextField.swift in Sources */ = {isa = PBXBuildFile; fileRef = 976DB8B3262845BE004B662A /* ExtensionUITextField.swift */; };
		976DB8BC26288BE1004B662A /* WeatherPhotographyService.swift in Sources */ = {isa = PBXBuildFile; fileRef = 976DB8BB26288BE1004B662A /* WeatherPhotographyService.swift */; };
		976DB8C126288CD7004B662A /* MainWeatherPhotographyInfo.swift in Sources */ = {isa = PBXBuildFile; fileRef = 976DB8C026288CD6004B662A /* MainWeatherPhotographyInfo.swift */; };
		97A2F45E2629CA5B000E95B1 /* ServiceError.swift in Sources */ = {isa = PBXBuildFile; fileRef = 97A2F45D2629CA5B000E95B1 /* ServiceError.swift */; };
		97A2F4632629D99D000E95B1 /* logo-fr.png in Resources */ = {isa = PBXBuildFile; fileRef = 97A2F4622629D99C000E95B1 /* logo-fr.png */; };
		97A2F4682629D9A4000E95B1 /* logo-en.png in Resources */ = {isa = PBXBuildFile; fileRef = 97A2F4672629D9A4000E95B1 /* logo-en.png */; };
		97D4D5D426273D320058681C /* ExtensionTruncateDecimals.swift in Sources */ = {isa = PBXBuildFile; fileRef = 97D4D5D326273D320058681C /* ExtensionTruncateDecimals.swift */; };
		97E5F8AB262DBB7D0018DB65 /* TranslationService.swift in Sources */ = {isa = PBXBuildFile; fileRef = 97E5F8AA262DBB7C0018DB65 /* TranslationService.swift */; };
		97E5F8B0262DBD190018DB65 /* MainTranslationInfo.swift in Sources */ = {isa = PBXBuildFile; fileRef = 97E5F8AF262DBD190018DB65 /* MainTranslationInfo.swift */; };
		97E5F8C3262DC0240018DB65 /* TranslationViewController.swift in Sources */ = {isa = PBXBuildFile; fileRef = 97E5F8C2262DC0240018DB65 /* TranslationViewController.swift */; };
		97F1D31026307AA500D6F6CB /* HandleResponseDelegate.swift in Sources */ = {isa = PBXBuildFile; fileRef = 97F1D30F26307AA500D6F6CB /* HandleResponseDelegate.swift */; };
/* End PBXBuildFile section */

/* Begin PBXContainerItemProxy section */
		972CBD16262098AE001A04BF /* PBXContainerItemProxy */ = {
			isa = PBXContainerItemProxy;
			containerPortal = 972CBCF7262098A4001A04BF /* Project object */;
			proxyType = 1;
			remoteGlobalIDString = 972CBCFE262098A5001A04BF;
			remoteInfo = LeBaluchon;
		};
		972CBD21262098AE001A04BF /* PBXContainerItemProxy */ = {
			isa = PBXContainerItemProxy;
			containerPortal = 972CBCF7262098A4001A04BF /* Project object */;
			proxyType = 1;
			remoteGlobalIDString = 972CBCFE262098A5001A04BF;
			remoteInfo = LeBaluchon;
		};
/* End PBXContainerItemProxy section */

/* Begin PBXFileReference section */
		97065FF72624677F005EFCD8 /* ExtensionUIImageView.swift */ = {isa = PBXFileReference; lastKnownFileType = sourcecode.swift; path = ExtensionUIImageView.swift; sourceTree = "<group>"; };
		97065FFC2624879C005EFCD8 /* newyork.jpeg */ = {isa = PBXFileReference; lastKnownFileType = image.jpeg; path = newyork.jpeg; sourceTree = "<group>"; };
		972CBCFF262098A5001A04BF /* LeBaluchon.app */ = {isa = PBXFileReference; explicitFileType = wrapper.application; includeInIndex = 0; path = LeBaluchon.app; sourceTree = BUILT_PRODUCTS_DIR; };
		972CBD02262098A5001A04BF /* AppDelegate.swift */ = {isa = PBXFileReference; lastKnownFileType = sourcecode.swift; path = AppDelegate.swift; sourceTree = "<group>"; };
		972CBD04262098A5001A04BF /* SceneDelegate.swift */ = {isa = PBXFileReference; lastKnownFileType = sourcecode.swift; path = SceneDelegate.swift; sourceTree = "<group>"; };
		972CBD06262098A5001A04BF /* WeatherViewController.swift */ = {isa = PBXFileReference; lastKnownFileType = sourcecode.swift; path = WeatherViewController.swift; sourceTree = "<group>"; };
		972CBD09262098A5001A04BF /* Base */ = {isa = PBXFileReference; lastKnownFileType = file.storyboard; name = Base; path = Base.lproj/Main.storyboard; sourceTree = "<group>"; };
		972CBD0B262098AD001A04BF /* Assets.xcassets */ = {isa = PBXFileReference; lastKnownFileType = folder.assetcatalog; path = Assets.xcassets; sourceTree = "<group>"; };
		972CBD0E262098AD001A04BF /* Base */ = {isa = PBXFileReference; lastKnownFileType = file.storyboard; name = Base; path = Base.lproj/LaunchScreen.storyboard; sourceTree = "<group>"; };
		972CBD10262098AD001A04BF /* Info.plist */ = {isa = PBXFileReference; lastKnownFileType = text.plist.xml; path = Info.plist; sourceTree = "<group>"; };
		972CBD15262098AE001A04BF /* LeBaluchonTests.xctest */ = {isa = PBXFileReference; explicitFileType = wrapper.cfbundle; includeInIndex = 0; path = LeBaluchonTests.xctest; sourceTree = BUILT_PRODUCTS_DIR; };
		972CBD19262098AE001A04BF /* LeBaluchonTests.swift */ = {isa = PBXFileReference; lastKnownFileType = sourcecode.swift; path = LeBaluchonTests.swift; sourceTree = "<group>"; };
		972CBD1B262098AE001A04BF /* Info.plist */ = {isa = PBXFileReference; lastKnownFileType = text.plist.xml; path = Info.plist; sourceTree = "<group>"; };
		972CBD20262098AE001A04BF /* LeBaluchonUITests.xctest */ = {isa = PBXFileReference; explicitFileType = wrapper.cfbundle; includeInIndex = 0; path = LeBaluchonUITests.xctest; sourceTree = BUILT_PRODUCTS_DIR; };
		972CBD24262098AE001A04BF /* LeBaluchonUITests.swift */ = {isa = PBXFileReference; lastKnownFileType = sourcecode.swift; path = LeBaluchonUITests.swift; sourceTree = "<group>"; };
		972CBD26262098AE001A04BF /* Info.plist */ = {isa = PBXFileReference; lastKnownFileType = text.plist.xml; path = Info.plist; sourceTree = "<group>"; };
		972CBD472620A142001A04BF /* MainWeatherInfo.swift */ = {isa = PBXFileReference; lastKnownFileType = sourcecode.swift; path = MainWeatherInfo.swift; sourceTree = "<group>"; };
		972CBD4F2620A183001A04BF /* WeatherService.swift */ = {isa = PBXFileReference; lastKnownFileType = sourcecode.swift; path = WeatherService.swift; sourceTree = "<group>"; };
		9730B8AA262ED41900C6EDC6 /* ExtensionStringForDecimalPad.swift */ = {isa = PBXFileReference; lastKnownFileType = sourcecode.swift; path = ExtensionStringForDecimalPad.swift; sourceTree = "<group>"; };
		9748C8B82625AEBA00EB9AD8 /* CurrencyService.swift */ = {isa = PBXFileReference; lastKnownFileType = sourcecode.swift; path = CurrencyService.swift; sourceTree = "<group>"; };
		9748C8C02625B1C300EB9AD8 /* MainCurrencyInfo.swift */ = {isa = PBXFileReference; lastKnownFileType = sourcecode.swift; path = MainCurrencyInfo.swift; sourceTree = "<group>"; };
		9748C8C52625C06500EB9AD8 /* CurrencyViewController.swift */ = {isa = PBXFileReference; lastKnownFileType = sourcecode.swift; path = CurrencyViewController.swift; sourceTree = "<group>"; };
		976DB8B3262845BE004B662A /* ExtensionUITextField.swift */ = {isa = PBXFileReference; lastKnownFileType = sourcecode.swift; path = ExtensionUITextField.swift; sourceTree = "<group>"; };
		976DB8BB26288BE1004B662A /* WeatherPhotographyService.swift */ = {isa = PBXFileReference; lastKnownFileType = sourcecode.swift; path = WeatherPhotographyService.swift; sourceTree = "<group>"; };
		976DB8C026288CD6004B662A /* MainWeatherPhotographyInfo.swift */ = {isa = PBXFileReference; lastKnownFileType = sourcecode.swift; path = MainWeatherPhotographyInfo.swift; sourceTree = "<group>"; };
		97A2F45D2629CA5B000E95B1 /* ServiceError.swift */ = {isa = PBXFileReference; lastKnownFileType = sourcecode.swift; path = ServiceError.swift; sourceTree = "<group>"; };
		97A2F4622629D99C000E95B1 /* logo-fr.png */ = {isa = PBXFileReference; lastKnownFileType = image.png; path = "logo-fr.png"; sourceTree = "<group>"; };
		97A2F4672629D9A4000E95B1 /* logo-en.png */ = {isa = PBXFileReference; lastKnownFileType = image.png; path = "logo-en.png"; sourceTree = "<group>"; };
		97D4D5D326273D320058681C /* ExtensionTruncateDecimals.swift */ = {isa = PBXFileReference; lastKnownFileType = sourcecode.swift; path = ExtensionTruncateDecimals.swift; sourceTree = "<group>"; };
		97E5F8AA262DBB7C0018DB65 /* TranslationService.swift */ = {isa = PBXFileReference; lastKnownFileType = sourcecode.swift; path = TranslationService.swift; sourceTree = "<group>"; };
		97E5F8AF262DBD190018DB65 /* MainTranslationInfo.swift */ = {isa = PBXFileReference; lastKnownFileType = sourcecode.swift; path = MainTranslationInfo.swift; sourceTree = "<group>"; };
		97E5F8C2262DC0240018DB65 /* TranslationViewController.swift */ = {isa = PBXFileReference; lastKnownFileType = sourcecode.swift; path = TranslationViewController.swift; sourceTree = "<group>"; };
		97F1D30F26307AA500D6F6CB /* HandleResponseDelegate.swift */ = {isa = PBXFileReference; lastKnownFileType = sourcecode.swift; path = HandleResponseDelegate.swift; sourceTree = "<group>"; };
/* End PBXFileReference section */

/* Begin PBXFrameworksBuildPhase section */
		972CBCFC262098A5001A04BF /* Frameworks */ = {
			isa = PBXFrameworksBuildPhase;
			buildActionMask = 2147483647;
			files = (
			);
			runOnlyForDeploymentPostprocessing = 0;
		};
		972CBD12262098AE001A04BF /* Frameworks */ = {
			isa = PBXFrameworksBuildPhase;
			buildActionMask = 2147483647;
			files = (
			);
			runOnlyForDeploymentPostprocessing = 0;
		};
		972CBD1D262098AE001A04BF /* Frameworks */ = {
			isa = PBXFrameworksBuildPhase;
			buildActionMask = 2147483647;
			files = (
			);
			runOnlyForDeploymentPostprocessing = 0;
		};
/* End PBXFrameworksBuildPhase section */

/* Begin PBXGroup section */
		972CBCF6262098A4001A04BF = {
			isa = PBXGroup;
			children = (
				972CBD01262098A5001A04BF /* LeBaluchon */,
				972CBD18262098AE001A04BF /* LeBaluchonTests */,
				972CBD23262098AE001A04BF /* LeBaluchonUITests */,
				972CBD00262098A5001A04BF /* Products */,
			);
			sourceTree = "<group>";
		};
		972CBD00262098A5001A04BF /* Products */ = {
			isa = PBXGroup;
			children = (
				972CBCFF262098A5001A04BF /* LeBaluchon.app */,
				972CBD15262098AE001A04BF /* LeBaluchonTests.xctest */,
				972CBD20262098AE001A04BF /* LeBaluchonUITests.xctest */,
			);
			name = Products;
			sourceTree = "<group>";
		};
		972CBD01262098A5001A04BF /* LeBaluchon */ = {
			isa = PBXGroup;
			children = (
				972CBD10262098AD001A04BF /* Info.plist */,
				97418DF926270BF800E7A88F /* Extensions */,
				972CBD3926209934001A04BF /* Model */,
				972CBD3A2620993C001A04BF /* View */,
				972CBD3826209921001A04BF /* Controller */,
				972CBD3B262099A1001A04BF /* Resources */,
			);
			path = LeBaluchon;
			sourceTree = "<group>";
		};
		972CBD18262098AE001A04BF /* LeBaluchonTests */ = {
			isa = PBXGroup;
			children = (
				972CBD19262098AE001A04BF /* LeBaluchonTests.swift */,
				972CBD1B262098AE001A04BF /* Info.plist */,
			);
			path = LeBaluchonTests;
			sourceTree = "<group>";
		};
		972CBD23262098AE001A04BF /* LeBaluchonUITests */ = {
			isa = PBXGroup;
			children = (
				972CBD24262098AE001A04BF /* LeBaluchonUITests.swift */,
				972CBD26262098AE001A04BF /* Info.plist */,
			);
			path = LeBaluchonUITests;
			sourceTree = "<group>";
		};
		972CBD3826209921001A04BF /* Controller */ = {
			isa = PBXGroup;
			children = (
				9748C8C52625C06500EB9AD8 /* CurrencyViewController.swift */,
				972CBD06262098A5001A04BF /* WeatherViewController.swift */,
				97E5F8C2262DC0240018DB65 /* TranslationViewController.swift */,
			);
			path = Controller;
			sourceTree = "<group>";
		};
		972CBD3926209934001A04BF /* Model */ = {
			isa = PBXGroup;
			children = (
				9748C8C02625B1C300EB9AD8 /* MainCurrencyInfo.swift */,
				972CBD472620A142001A04BF /* MainWeatherInfo.swift */,
				976DB8C026288CD6004B662A /* MainWeatherPhotographyInfo.swift */,
				97E5F8AF262DBD190018DB65 /* MainTranslationInfo.swift */,
				97418DF826270BDF00E7A88F /* Service */,
			);
			path = Model;
			sourceTree = "<group>";
		};
		972CBD3A2620993C001A04BF /* View */ = {
			isa = PBXGroup;
			children = (
				972CBD08262098A5001A04BF /* Main.storyboard */,
				972CBD0D262098AD001A04BF /* LaunchScreen.storyboard */,
			);
			path = View;
			sourceTree = "<group>";
		};
		972CBD3B262099A1001A04BF /* Resources */ = {
			isa = PBXGroup;
			children = (
				97A2F4672629D9A4000E95B1 /* logo-en.png */,
				97A2F4622629D99C000E95B1 /* logo-fr.png */,
				97065FFC2624879C005EFCD8 /* newyork.jpeg */,
				972CBD02262098A5001A04BF /* AppDelegate.swift */,
				972CBD04262098A5001A04BF /* SceneDelegate.swift */,
				972CBD0B262098AD001A04BF /* Assets.xcassets */,
			);
			path = Resources;
			sourceTree = "<group>";
		};
		97418DF826270BDF00E7A88F /* Service */ = {
			isa = PBXGroup;
			children = (
				9748C8B82625AEBA00EB9AD8 /* CurrencyService.swift */,
				972CBD4F2620A183001A04BF /* WeatherService.swift */,
				976DB8BB26288BE1004B662A /* WeatherPhotographyService.swift */,
				97E5F8AA262DBB7C0018DB65 /* TranslationService.swift */,
				97A2F45D2629CA5B000E95B1 /* ServiceError.swift */,
				97F1D30F26307AA500D6F6CB /* HandleResponseDelegate.swift */,
			);
			path = Service;
			sourceTree = "<group>";
		};
		97418DF926270BF800E7A88F /* Extensions */ = {
			isa = PBXGroup;
			children = (
				97065FF72624677F005EFCD8 /* ExtensionUIImageView.swift */,
				97D4D5D326273D320058681C /* ExtensionTruncateDecimals.swift */,
				976DB8B3262845BE004B662A /* ExtensionUITextField.swift */,
				9730B8AA262ED41900C6EDC6 /* ExtensionStringForDecimalPad.swift */,
			);
			path = Extensions;
			sourceTree = "<group>";
		};
/* End PBXGroup section */

/* Begin PBXNativeTarget section */
		972CBCFE262098A5001A04BF /* LeBaluchon */ = {
			isa = PBXNativeTarget;
			buildConfigurationList = 972CBD29262098AE001A04BF /* Build configuration list for PBXNativeTarget "LeBaluchon" */;
			buildPhases = (
				972CBCFB262098A5001A04BF /* Sources */,
				972CBCFC262098A5001A04BF /* Frameworks */,
				972CBCFD262098A5001A04BF /* Resources */,
			);
			buildRules = (
			);
			dependencies = (
			);
			name = LeBaluchon;
			productName = LeBaluchon;
			productReference = 972CBCFF262098A5001A04BF /* LeBaluchon.app */;
			productType = "com.apple.product-type.application";
		};
		972CBD14262098AE001A04BF /* LeBaluchonTests */ = {
			isa = PBXNativeTarget;
			buildConfigurationList = 972CBD2C262098AE001A04BF /* Build configuration list for PBXNativeTarget "LeBaluchonTests" */;
			buildPhases = (
				972CBD11262098AE001A04BF /* Sources */,
				972CBD12262098AE001A04BF /* Frameworks */,
				972CBD13262098AE001A04BF /* Resources */,
			);
			buildRules = (
			);
			dependencies = (
				972CBD17262098AE001A04BF /* PBXTargetDependency */,
			);
			name = LeBaluchonTests;
			productName = LeBaluchonTests;
			productReference = 972CBD15262098AE001A04BF /* LeBaluchonTests.xctest */;
			productType = "com.apple.product-type.bundle.unit-test";
		};
		972CBD1F262098AE001A04BF /* LeBaluchonUITests */ = {
			isa = PBXNativeTarget;
			buildConfigurationList = 972CBD2F262098AE001A04BF /* Build configuration list for PBXNativeTarget "LeBaluchonUITests" */;
			buildPhases = (
				972CBD1C262098AE001A04BF /* Sources */,
				972CBD1D262098AE001A04BF /* Frameworks */,
				972CBD1E262098AE001A04BF /* Resources */,
			);
			buildRules = (
			);
			dependencies = (
				972CBD22262098AE001A04BF /* PBXTargetDependency */,
			);
			name = LeBaluchonUITests;
			productName = LeBaluchonUITests;
			productReference = 972CBD20262098AE001A04BF /* LeBaluchonUITests.xctest */;
			productType = "com.apple.product-type.bundle.ui-testing";
		};
/* End PBXNativeTarget section */

/* Begin PBXProject section */
		972CBCF7262098A4001A04BF /* Project object */ = {
			isa = PBXProject;
			attributes = {
				LastSwiftUpdateCheck = 1240;
				LastUpgradeCheck = 1240;
				TargetAttributes = {
					972CBCFE262098A5001A04BF = {
						CreatedOnToolsVersion = 12.4;
					};
					972CBD14262098AE001A04BF = {
						CreatedOnToolsVersion = 12.4;
						TestTargetID = 972CBCFE262098A5001A04BF;
					};
					972CBD1F262098AE001A04BF = {
						CreatedOnToolsVersion = 12.4;
						TestTargetID = 972CBCFE262098A5001A04BF;
					};
				};
			};
			buildConfigurationList = 972CBCFA262098A4001A04BF /* Build configuration list for PBXProject "LeBaluchon" */;
			compatibilityVersion = "Xcode 9.3";
			developmentRegion = en;
			hasScannedForEncodings = 0;
			knownRegions = (
				en,
				Base,
			);
			mainGroup = 972CBCF6262098A4001A04BF;
			productRefGroup = 972CBD00262098A5001A04BF /* Products */;
			projectDirPath = "";
			projectRoot = "";
			targets = (
				972CBCFE262098A5001A04BF /* LeBaluchon */,
				972CBD14262098AE001A04BF /* LeBaluchonTests */,
				972CBD1F262098AE001A04BF /* LeBaluchonUITests */,
			);
		};
/* End PBXProject section */

/* Begin PBXResourcesBuildPhase section */
		972CBCFD262098A5001A04BF /* Resources */ = {
			isa = PBXResourcesBuildPhase;
			buildActionMask = 2147483647;
			files = (
				972CBD0F262098AD001A04BF /* LaunchScreen.storyboard in Resources */,
				972CBD0C262098AD001A04BF /* Assets.xcassets in Resources */,
				972CBD0A262098A5001A04BF /* Main.storyboard in Resources */,
				97065FFD2624879D005EFCD8 /* newyork.jpeg in Resources */,
				97A2F4632629D99D000E95B1 /* logo-fr.png in Resources */,
				97A2F4682629D9A4000E95B1 /* logo-en.png in Resources */,
			);
			runOnlyForDeploymentPostprocessing = 0;
		};
		972CBD13262098AE001A04BF /* Resources */ = {
			isa = PBXResourcesBuildPhase;
			buildActionMask = 2147483647;
			files = (
			);
			runOnlyForDeploymentPostprocessing = 0;
		};
		972CBD1E262098AE001A04BF /* Resources */ = {
			isa = PBXResourcesBuildPhase;
			buildActionMask = 2147483647;
			files = (
			);
			runOnlyForDeploymentPostprocessing = 0;
		};
/* End PBXResourcesBuildPhase section */

/* Begin PBXSourcesBuildPhase section */
		972CBCFB262098A5001A04BF /* Sources */ = {
			isa = PBXSourcesBuildPhase;
			buildActionMask = 2147483647;
			files = (
				972CBD07262098A5001A04BF /* WeatherViewController.swift in Sources */,
				972CBD03262098A5001A04BF /* AppDelegate.swift in Sources */,
				972CBD502620A183001A04BF /* WeatherService.swift in Sources */,
				972CBD05262098A5001A04BF /* SceneDelegate.swift in Sources */,
				97E5F8B0262DBD190018DB65 /* MainTranslationInfo.swift in Sources */,
				9748C8C62625C06500EB9AD8 /* CurrencyViewController.swift in Sources */,
				97065FF82624677F005EFCD8 /* ExtensionUIImageView.swift in Sources */,
				976DB8C126288CD7004B662A /* MainWeatherPhotographyInfo.swift in Sources */,
				9748C8C12625B1C300EB9AD8 /* MainCurrencyInfo.swift in Sources */,
				97E5F8C3262DC0240018DB65 /* TranslationViewController.swift in Sources */,
				9730B8AB262ED41900C6EDC6 /* ExtensionStringForDecimalPad.swift in Sources */,
				976DB8B4262845BE004B662A /* ExtensionUITextField.swift in Sources */,
				976DB8BC26288BE1004B662A /* WeatherPhotographyService.swift in Sources */,
				97D4D5D426273D320058681C /* ExtensionTruncateDecimals.swift in Sources */,
				97E5F8AB262DBB7D0018DB65 /* TranslationService.swift in Sources */,
				972CBD482620A142001A04BF /* MainWeatherInfo.swift in Sources */,
				97F1D31026307AA500D6F6CB /* HandleResponseDelegate.swift in Sources */,
				97A2F45E2629CA5B000E95B1 /* ServiceError.swift in Sources */,
				9748C8B92625AEBA00EB9AD8 /* CurrencyService.swift in Sources */,
			);
			runOnlyForDeploymentPostprocessing = 0;
		};
		972CBD11262098AE001A04BF /* Sources */ = {
			isa = PBXSourcesBuildPhase;
			buildActionMask = 2147483647;
			files = (
				972CBD1A262098AE001A04BF /* LeBaluchonTests.swift in Sources */,
			);
			runOnlyForDeploymentPostprocessing = 0;
		};
		972CBD1C262098AE001A04BF /* Sources */ = {
			isa = PBXSourcesBuildPhase;
			buildActionMask = 2147483647;
			files = (
				972CBD25262098AE001A04BF /* LeBaluchonUITests.swift in Sources */,
			);
			runOnlyForDeploymentPostprocessing = 0;
		};
/* End PBXSourcesBuildPhase section */

/* Begin PBXTargetDependency section */
		972CBD17262098AE001A04BF /* PBXTargetDependency */ = {
			isa = PBXTargetDependency;
			target = 972CBCFE262098A5001A04BF /* LeBaluchon */;
			targetProxy = 972CBD16262098AE001A04BF /* PBXContainerItemProxy */;
		};
		972CBD22262098AE001A04BF /* PBXTargetDependency */ = {
			isa = PBXTargetDependency;
			target = 972CBCFE262098A5001A04BF /* LeBaluchon */;
			targetProxy = 972CBD21262098AE001A04BF /* PBXContainerItemProxy */;
		};
/* End PBXTargetDependency section */

/* Begin PBXVariantGroup section */
		972CBD08262098A5001A04BF /* Main.storyboard */ = {
			isa = PBXVariantGroup;
			children = (
				972CBD09262098A5001A04BF /* Base */,
			);
			name = Main.storyboard;
			sourceTree = "<group>";
		};
		972CBD0D262098AD001A04BF /* LaunchScreen.storyboard */ = {
			isa = PBXVariantGroup;
			children = (
				972CBD0E262098AD001A04BF /* Base */,
			);
			name = LaunchScreen.storyboard;
			sourceTree = "<group>";
		};
/* End PBXVariantGroup section */

/* Begin XCBuildConfiguration section */
		972CBD27262098AE001A04BF /* Debug */ = {
			isa = XCBuildConfiguration;
			buildSettings = {
				ALWAYS_SEARCH_USER_PATHS = NO;
				CLANG_ANALYZER_NONNULL = YES;
				CLANG_ANALYZER_NUMBER_OBJECT_CONVERSION = YES_AGGRESSIVE;
				CLANG_CXX_LANGUAGE_STANDARD = "gnu++14";
				CLANG_CXX_LIBRARY = "libc++";
				CLANG_ENABLE_MODULES = YES;
				CLANG_ENABLE_OBJC_ARC = YES;
				CLANG_ENABLE_OBJC_WEAK = YES;
				CLANG_WARN_BLOCK_CAPTURE_AUTORELEASING = YES;
				CLANG_WARN_BOOL_CONVERSION = YES;
				CLANG_WARN_COMMA = YES;
				CLANG_WARN_CONSTANT_CONVERSION = YES;
				CLANG_WARN_DEPRECATED_OBJC_IMPLEMENTATIONS = YES;
				CLANG_WARN_DIRECT_OBJC_ISA_USAGE = YES_ERROR;
				CLANG_WARN_DOCUMENTATION_COMMENTS = YES;
				CLANG_WARN_EMPTY_BODY = YES;
				CLANG_WARN_ENUM_CONVERSION = YES;
				CLANG_WARN_INFINITE_RECURSION = YES;
				CLANG_WARN_INT_CONVERSION = YES;
				CLANG_WARN_NON_LITERAL_NULL_CONVERSION = YES;
				CLANG_WARN_OBJC_IMPLICIT_RETAIN_SELF = YES;
				CLANG_WARN_OBJC_LITERAL_CONVERSION = YES;
				CLANG_WARN_OBJC_ROOT_CLASS = YES_ERROR;
				CLANG_WARN_QUOTED_INCLUDE_IN_FRAMEWORK_HEADER = YES;
				CLANG_WARN_RANGE_LOOP_ANALYSIS = YES;
				CLANG_WARN_STRICT_PROTOTYPES = YES;
				CLANG_WARN_SUSPICIOUS_MOVE = YES;
				CLANG_WARN_UNGUARDED_AVAILABILITY = YES_AGGRESSIVE;
				CLANG_WARN_UNREACHABLE_CODE = YES;
				CLANG_WARN__DUPLICATE_METHOD_MATCH = YES;
				COPY_PHASE_STRIP = NO;
				DEBUG_INFORMATION_FORMAT = dwarf;
				ENABLE_STRICT_OBJC_MSGSEND = YES;
				ENABLE_TESTABILITY = YES;
				GCC_C_LANGUAGE_STANDARD = gnu11;
				GCC_DYNAMIC_NO_PIC = NO;
				GCC_NO_COMMON_BLOCKS = YES;
				GCC_OPTIMIZATION_LEVEL = 0;
				GCC_PREPROCESSOR_DEFINITIONS = (
					"DEBUG=1",
					"$(inherited)",
				);
				GCC_WARN_64_TO_32_BIT_CONVERSION = YES;
				GCC_WARN_ABOUT_RETURN_TYPE = YES_ERROR;
				GCC_WARN_UNDECLARED_SELECTOR = YES;
				GCC_WARN_UNINITIALIZED_AUTOS = YES_AGGRESSIVE;
				GCC_WARN_UNUSED_FUNCTION = YES;
				GCC_WARN_UNUSED_VARIABLE = YES;
				IPHONEOS_DEPLOYMENT_TARGET = 13.0;
				MTL_ENABLE_DEBUG_INFO = INCLUDE_SOURCE;
				MTL_FAST_MATH = YES;
				ONLY_ACTIVE_ARCH = YES;
				SDKROOT = iphoneos;
				SWIFT_ACTIVE_COMPILATION_CONDITIONS = DEBUG;
				SWIFT_OPTIMIZATION_LEVEL = "-Onone";
			};
			name = Debug;
		};
		972CBD28262098AE001A04BF /* Release */ = {
			isa = XCBuildConfiguration;
			buildSettings = {
				ALWAYS_SEARCH_USER_PATHS = NO;
				CLANG_ANALYZER_NONNULL = YES;
				CLANG_ANALYZER_NUMBER_OBJECT_CONVERSION = YES_AGGRESSIVE;
				CLANG_CXX_LANGUAGE_STANDARD = "gnu++14";
				CLANG_CXX_LIBRARY = "libc++";
				CLANG_ENABLE_MODULES = YES;
				CLANG_ENABLE_OBJC_ARC = YES;
				CLANG_ENABLE_OBJC_WEAK = YES;
				CLANG_WARN_BLOCK_CAPTURE_AUTORELEASING = YES;
				CLANG_WARN_BOOL_CONVERSION = YES;
				CLANG_WARN_COMMA = YES;
				CLANG_WARN_CONSTANT_CONVERSION = YES;
				CLANG_WARN_DEPRECATED_OBJC_IMPLEMENTATIONS = YES;
				CLANG_WARN_DIRECT_OBJC_ISA_USAGE = YES_ERROR;
				CLANG_WARN_DOCUMENTATION_COMMENTS = YES;
				CLANG_WARN_EMPTY_BODY = YES;
				CLANG_WARN_ENUM_CONVERSION = YES;
				CLANG_WARN_INFINITE_RECURSION = YES;
				CLANG_WARN_INT_CONVERSION = YES;
				CLANG_WARN_NON_LITERAL_NULL_CONVERSION = YES;
				CLANG_WARN_OBJC_IMPLICIT_RETAIN_SELF = YES;
				CLANG_WARN_OBJC_LITERAL_CONVERSION = YES;
				CLANG_WARN_OBJC_ROOT_CLASS = YES_ERROR;
				CLANG_WARN_QUOTED_INCLUDE_IN_FRAMEWORK_HEADER = YES;
				CLANG_WARN_RANGE_LOOP_ANALYSIS = YES;
				CLANG_WARN_STRICT_PROTOTYPES = YES;
				CLANG_WARN_SUSPICIOUS_MOVE = YES;
				CLANG_WARN_UNGUARDED_AVAILABILITY = YES_AGGRESSIVE;
				CLANG_WARN_UNREACHABLE_CODE = YES;
				CLANG_WARN__DUPLICATE_METHOD_MATCH = YES;
				COPY_PHASE_STRIP = NO;
				DEBUG_INFORMATION_FORMAT = "dwarf-with-dsym";
				ENABLE_NS_ASSERTIONS = NO;
				ENABLE_STRICT_OBJC_MSGSEND = YES;
				GCC_C_LANGUAGE_STANDARD = gnu11;
				GCC_NO_COMMON_BLOCKS = YES;
				GCC_WARN_64_TO_32_BIT_CONVERSION = YES;
				GCC_WARN_ABOUT_RETURN_TYPE = YES_ERROR;
				GCC_WARN_UNDECLARED_SELECTOR = YES;
				GCC_WARN_UNINITIALIZED_AUTOS = YES_AGGRESSIVE;
				GCC_WARN_UNUSED_FUNCTION = YES;
				GCC_WARN_UNUSED_VARIABLE = YES;
				IPHONEOS_DEPLOYMENT_TARGET = 13.0;
				MTL_ENABLE_DEBUG_INFO = NO;
				MTL_FAST_MATH = YES;
				SDKROOT = iphoneos;
				SWIFT_COMPILATION_MODE = wholemodule;
				SWIFT_OPTIMIZATION_LEVEL = "-O";
				VALIDATE_PRODUCT = YES;
			};
			name = Release;
		};
		972CBD2A262098AE001A04BF /* Debug */ = {
			isa = XCBuildConfiguration;
			buildSettings = {
				ASSETCATALOG_COMPILER_APPICON_NAME = AppIcon;
				ASSETCATALOG_COMPILER_GLOBAL_ACCENT_COLOR_NAME = AccentColor;
				CODE_SIGN_STYLE = Automatic;
				DEVELOPMENT_TEAM = T4959W6459;
				INFOPLIST_FILE = LeBaluchon/Info.plist;
				IPHONEOS_DEPLOYMENT_TARGET = 13.0;
				LD_RUNPATH_SEARCH_PATHS = (
					"$(inherited)",
					"@executable_path/Frameworks",
				);
				PRODUCT_BUNDLE_IDENTIFIER = fr.ianisrichardier.LeBaluchon;
				PRODUCT_NAME = "$(TARGET_NAME)";
				SWIFT_VERSION = 5.0;
				TARGETED_DEVICE_FAMILY = 1;
			};
			name = Debug;
		};
		972CBD2B262098AE001A04BF /* Release */ = {
			isa = XCBuildConfiguration;
			buildSettings = {
				ASSETCATALOG_COMPILER_APPICON_NAME = AppIcon;
				ASSETCATALOG_COMPILER_GLOBAL_ACCENT_COLOR_NAME = AccentColor;
				CODE_SIGN_STYLE = Automatic;
				DEVELOPMENT_TEAM = T4959W6459;
				INFOPLIST_FILE = LeBaluchon/Info.plist;
				IPHONEOS_DEPLOYMENT_TARGET = 13.0;
				LD_RUNPATH_SEARCH_PATHS = (
					"$(inherited)",
					"@executable_path/Frameworks",
				);
				PRODUCT_BUNDLE_IDENTIFIER = fr.ianisrichardier.LeBaluchon;
				PRODUCT_NAME = "$(TARGET_NAME)";
				SWIFT_VERSION = 5.0;
				TARGETED_DEVICE_FAMILY = 1;
			};
			name = Release;
		};
		972CBD2D262098AE001A04BF /* Debug */ = {
			isa = XCBuildConfiguration;
			buildSettings = {
				ALWAYS_EMBED_SWIFT_STANDARD_LIBRARIES = YES;
				BUNDLE_LOADER = "$(TEST_HOST)";
				CODE_SIGN_STYLE = Automatic;
				DEVELOPMENT_TEAM = T4959W6459;
				INFOPLIST_FILE = LeBaluchonTests/Info.plist;
				IPHONEOS_DEPLOYMENT_TARGET = 14.4;
				LD_RUNPATH_SEARCH_PATHS = (
					"$(inherited)",
					"@executable_path/Frameworks",
					"@loader_path/Frameworks",
				);
				PRODUCT_BUNDLE_IDENTIFIER = fr.ianisrichardier.LeBaluchonTests;
				PRODUCT_NAME = "$(TARGET_NAME)";
				SWIFT_VERSION = 5.0;
				TARGETED_DEVICE_FAMILY = "1,2";
				TEST_HOST = "$(BUILT_PRODUCTS_DIR)/LeBaluchon.app/LeBaluchon";
			};
			name = Debug;
		};
		972CBD2E262098AE001A04BF /* Release */ = {
			isa = XCBuildConfiguration;
			buildSettings = {
				ALWAYS_EMBED_SWIFT_STANDARD_LIBRARIES = YES;
				BUNDLE_LOADER = "$(TEST_HOST)";
				CODE_SIGN_STYLE = Automatic;
				DEVELOPMENT_TEAM = T4959W6459;
				INFOPLIST_FILE = LeBaluchonTests/Info.plist;
				IPHONEOS_DEPLOYMENT_TARGET = 14.4;
				LD_RUNPATH_SEARCH_PATHS = (
					"$(inherited)",
					"@executable_path/Frameworks",
					"@loader_path/Frameworks",
				);
				PRODUCT_BUNDLE_IDENTIFIER = fr.ianisrichardier.LeBaluchonTests;
				PRODUCT_NAME = "$(TARGET_NAME)";
				SWIFT_VERSION = 5.0;
				TARGETED_DEVICE_FAMILY = "1,2";
				TEST_HOST = "$(BUILT_PRODUCTS_DIR)/LeBaluchon.app/LeBaluchon";
			};
			name = Release;
		};
		972CBD30262098AE001A04BF /* Debug */ = {
			isa = XCBuildConfiguration;
			buildSettings = {
				ALWAYS_EMBED_SWIFT_STANDARD_LIBRARIES = YES;
				CODE_SIGN_STYLE = Automatic;
				DEVELOPMENT_TEAM = T4959W6459;
				INFOPLIST_FILE = LeBaluchonUITests/Info.plist;
				LD_RUNPATH_SEARCH_PATHS = (
					"$(inherited)",
					"@executable_path/Frameworks",
					"@loader_path/Frameworks",
				);
				PRODUCT_BUNDLE_IDENTIFIER = fr.ianisrichardier.LeBaluchonUITests;
				PRODUCT_NAME = "$(TARGET_NAME)";
				SWIFT_VERSION = 5.0;
				TARGETED_DEVICE_FAMILY = "1,2";
				TEST_TARGET_NAME = LeBaluchon;
			};
			name = Debug;
		};
		972CBD31262098AE001A04BF /* Release */ = {
			isa = XCBuildConfiguration;
			buildSettings = {
				ALWAYS_EMBED_SWIFT_STANDARD_LIBRARIES = YES;
				CODE_SIGN_STYLE = Automatic;
				DEVELOPMENT_TEAM = T4959W6459;
				INFOPLIST_FILE = LeBaluchonUITests/Info.plist;
				LD_RUNPATH_SEARCH_PATHS = (
					"$(inherited)",
					"@executable_path/Frameworks",
					"@loader_path/Frameworks",
				);
				PRODUCT_BUNDLE_IDENTIFIER = fr.ianisrichardier.LeBaluchonUITests;
				PRODUCT_NAME = "$(TARGET_NAME)";
				SWIFT_VERSION = 5.0;
				TARGETED_DEVICE_FAMILY = "1,2";
				TEST_TARGET_NAME = LeBaluchon;
			};
			name = Release;
		};
/* End XCBuildConfiguration section */

/* Begin XCConfigurationList section */
		972CBCFA262098A4001A04BF /* Build configuration list for PBXProject "LeBaluchon" */ = {
			isa = XCConfigurationList;
			buildConfigurations = (
				972CBD27262098AE001A04BF /* Debug */,
				972CBD28262098AE001A04BF /* Release */,
			);
			defaultConfigurationIsVisible = 0;
			defaultConfigurationName = Release;
		};
		972CBD29262098AE001A04BF /* Build configuration list for PBXNativeTarget "LeBaluchon" */ = {
			isa = XCConfigurationList;
			buildConfigurations = (
				972CBD2A262098AE001A04BF /* Debug */,
				972CBD2B262098AE001A04BF /* Release */,
			);
			defaultConfigurationIsVisible = 0;
			defaultConfigurationName = Release;
		};
		972CBD2C262098AE001A04BF /* Build configuration list for PBXNativeTarget "LeBaluchonTests" */ = {
			isa = XCConfigurationList;
			buildConfigurations = (
				972CBD2D262098AE001A04BF /* Debug */,
				972CBD2E262098AE001A04BF /* Release */,
			);
			defaultConfigurationIsVisible = 0;
			defaultConfigurationName = Release;
		};
		972CBD2F262098AE001A04BF /* Build configuration list for PBXNativeTarget "LeBaluchonUITests" */ = {
			isa = XCConfigurationList;
			buildConfigurations = (
				972CBD30262098AE001A04BF /* Debug */,
				972CBD31262098AE001A04BF /* Release */,
			);
			defaultConfigurationIsVisible = 0;
			defaultConfigurationName = Release;
		};
/* End XCConfigurationList section */
	};
	rootObject = 972CBCF7262098A4001A04BF /* Project object */;
}
